
Microsoft Visual Studio Solution File, Format Version 12.00
# Visual Studio 2013
VisualStudioVersion = 12.0.20617.1 PREVIEW
MinimumVisualStudioVersion = 10.0.40219.1
Project("{FAE04EC0-301F-11D3-BF4B-00C04F79EFBC}") = "Tri", "Tri.csproj", "{AEE882E6-E702-4824-8C1B-ECACF34CEDAB}"
EndProject
Project("{FAE04EC0-301F-11D3-BF4B-00C04F79EFBC}") = "UnitTestProject1", "..\UnitTestProject1\UnitTestProject1.csproj", "{47E7E043-8BF5-4B74-8208-A7F744B677FD}"
EndProject
Global
	GlobalSection(SolutionConfigurationPlatforms) = preSolution
		Debug|Any CPU = Debug|Any CPU
		Release|Any CPU = Release|Any CPU
	EndGlobalSection
	GlobalSection(ProjectConfigurationPlatforms) = postSolution
		{AEE882E6-E702-4824-8C1B-ECACF34CEDAB}.Debug|Any CPU.ActiveCfg = Debug|Any CPU
		{AEE882E6-E702-4824-8C1B-ECACF34CEDAB}.Debug|Any CPU.Build.0 = Debug|Any CPU
		{AEE882E6-E702-4824-8C1B-ECACF34CEDAB}.Release|Any CPU.ActiveCfg = Release|Any CPU
		{AEE882E6-E702-4824-8C1B-ECACF34CEDAB}.Release|Any CPU.Build.0 = Release|Any CPU
		{47E7E043-8BF5-4B74-8208-A7F744B677FD}.Debug|Any CPU.ActiveCfg = Debug|Any CPU
		{47E7E043-8BF5-4B74-8208-A7F744B677FD}.Debug|Any CPU.Build.0 = Debug|Any CPU
		{47E7E043-8BF5-4B74-8208-A7F744B677FD}.Release|Any CPU.ActiveCfg = Release|Any CPU
		{47E7E043-8BF5-4B74-8208-A7F744B677FD}.Release|Any CPU.Build.0 = Release|Any CPU
	EndGlobalSection
	GlobalSection(SolutionProperties) = preSolution
		HideSolutionNode = FALSE
	EndGlobalSection
EndGlobal
